{
    "_readme": [
        "This file locks the dependencies of your project to a known state",
        "Read more about it at https://getcomposer.org/doc/01-basic-usage.md#composer-lock-the-lock-file",
        "This file is @generated automatically"
    ],
    "content-hash": "db98dabbc273768e95b8a764be695d69",
    "packages": [
        {
            "name": "fpdo/fluentpdo",
            "version": "v1.1.0",
            "source": {
                "type": "git",
                "url": "https://github.com/fpdo/fluentpdo.git",
                "reference": "fa0df68d098a1ebb1b0461e4750ef2749869219c"
            },
            "dist": {
                "type": "zip",
                "url": "https://api.github.com/repos/fpdo/fluentpdo/zipball/fa0df68d098a1ebb1b0461e4750ef2749869219c",
                "reference": "fa0df68d098a1ebb1b0461e4750ef2749869219c",
                "shasum": ""
            },
            "type": "library",
            "autoload": {
                "files": [
                    "FluentPDO/FluentPDO.php"
                ]
            },
            "notification-url": "https://packagist.org/downloads/",
            "license": [
                "Apache-2.0",
                "GPL-2.0+"
            ],
            "authors": [
                {
                    "name": "Marek Lichtner",
                    "homepage": "http://licht.sk/"
                }
            ],
            "description": "FluentPDO is small PHP library for rapid query building. Killer feature is smart join builder which generates joins automatically.",
            "homepage": "https://github.com/fpdo/fluentpdo",
            "keywords": [
                "database",
                "dbal",
                "pdo"
            ],
            "time": "2016-07-08T13:40:45+00:00"
        }
    ],
    "packages-dev": [],
    "aliases": [],
    "minimum-stability": "stable",
    "stability-flags": [],
    "prefer-stable": false,
    "prefer-lowest": false,
    "platform": [],
    "platform-dev": []
}
